PODS:
  - Alamofire (5.4.0)
  - FMDB (2.7.5):
    - FMDB/standard (= 2.7.5)
  - FMDB/standard (2.7.5)
  - NAMDatabase (1.0.6):
    - FMDB (~> 2.7.5)

DEPENDENCIES:
  - Alamofire
  - NAMDatabase

SPEC REPOS:
  trunk:
    - Alamofire
    - FMDB
    - NAMDatabase

SPEC CHECKSUMS:
  Alamofire: 3b6a534a3df22db367e4dedeeca73d1ddfcf0e2f
  FMDB: 2ce00b547f966261cd18927a3ddb07cb6f3db82a
  NAMDatabase: c9560a156379f72780caeb0074306acdfc42194b

PODFILE CHECKSUM: 30ccfcc2be77c7346e2e25baa622a2a3271c8ff5

COCOAPODS: 1.10.0
