// !$*UTF8*$!
{
	archiveVersion = 1;
	classes = {
	};
	objectVersion = 50;
	objects = {

/* Begin PBXBuildFile section */
		D5D9FE012543119B00B1AF14 /* AppDelegate.swift in Sources */ = {isa = PBXBuildFile; fileRef = D5D9FE002543119B00B1AF14 /* AppDelegate.swift */; };
		D5D9FE032543119C00B1AF14 /* SceneDelegate.swift in Sources */ = {isa = PBXBuildFile; fileRef = D5D9FE022543119C00B1AF14 /* SceneDelegate.swift */; };
		D5D9FE052543119C00B1AF14 /* ViewController.swift in Sources */ = {isa = PBXBuildFile; fileRef = D5D9FE042543119C00B1AF14 /* ViewController.swift */; };
		D5D9FE082543119C00B1AF14 /* Main.storyboard in Resources */ = {isa = PBXBuildFile; fileRef = D5D9FE062543119C00B1AF14 /* Main.storyboard */; };
		D5D9FE0A2543119F00B1AF14 /* Assets.xcassets in Resources */ = {isa = PBXBuildFile; fileRef = D5D9FE092543119F00B1AF14 /* Assets.xcassets */; };
		D5D9FE0D2543119F00B1AF14 /* LaunchScreen.storyboard in Resources */ = {isa = PBXBuildFile; fileRef = D5D9FE0B2543119F00B1AF14 /* LaunchScreen.storyboard */; };
		D5D9FE182543119F00B1AF14 /* AutoLayoutTests.swift in Sources */ = {isa = PBXBuildFile; fileRef = D5D9FE172543119F00B1AF14 /* AutoLayoutTests.swift */; };
		D5D9FE232543119F00B1AF14 /* AutoLayoutUITests.swift in Sources */ = {isa = PBXBuildFile; fileRef = D5D9FE222543119F00B1AF14 /* AutoLayoutUITests.swift */; };
/* End PBXBuildFile section */

/* Begin PBXContainerItemProxy section */
		D5D9FE142543119F00B1AF14 /* PBXContainerItemProxy */ = {
			isa = PBXContainerItemProxy;
			containerPortal = D5D9FDF52543119B00B1AF14 /* Project object */;
			proxyType = 1;
			remoteGlobalIDString = D5D9FDFC2543119B00B1AF14;
			remoteInfo = AutoLayout;
		};
		D5D9FE1F2543119F00B1AF14 /* PBXContainerItemProxy */ = {
			isa = PBXContainerItemProxy;
			containerPortal = D5D9FDF52543119B00B1AF14 /* Project object */;
			proxyType = 1;
			remoteGlobalIDString = D5D9FDFC2543119B00B1AF14;
			remoteInfo = AutoLayout;
		};
/* End PBXContainerItemProxy section */

/* Begin PBXFileReference section */
		D5D9FDFD2543119B00B1AF14 /* AutoLayout.app */ = {isa = PBXFileReference; explicitFileType = wrapper.application; includeInIndex = 0; path = AutoLayout.app; sourceTree = BUILT_PRODUCTS_DIR; };
		D5D9FE002543119B00B1AF14 /* AppDelegate.swift */ = {isa = PBXFileReference; lastKnownFileType = sourcecode.swift; path = AppDelegate.swift; sourceTree = "<group>"; };
		D5D9FE022543119C00B1AF14 /* SceneDelegate.swift */ = {isa = PBXFileReference; lastKnownFileType = sourcecode.swift; path = SceneDelegate.swift; sourceTree = "<group>"; };
		D5D9FE042543119C00B1AF14 /* ViewController.swift */ = {isa = PBXFileReference; lastKnownFileType = sourcecode.swift; path = ViewController.swift; sourceTree = "<group>"; };
		D5D9FE072543119C00B1AF14 /* Base */ = {isa = PBXFileReference; lastKnownFileType = file.storyboard; name = Base; path = Base.lproj/Main.storyboard; sourceTree = "<group>"; };
		D5D9FE092543119F00B1AF14 /* Assets.xcassets */ = {isa = PBXFileReference; lastKnownFileType = folder.assetcatalog; path = Assets.xcassets; sourceTree = "<group>"; };
		D5D9FE0C2543119F00B1AF14 /* Base */ = {isa = PBXFileReference; lastKnownFileType = file.storyboard; name = Base; path = Base.lproj/LaunchScreen.storyboard; sourceTree = "<group>"; };
		D5D9FE0E2543119F00B1AF14 /* Info.plist */ = {isa = PBXFileReference; lastKnownFileType = text.plist.xml; path = Info.plist; sourceTree = "<group>"; };
		D5D9FE132543119F00B1AF14 /* AutoLayoutTests.xctest */ = {isa = PBXFileReference; explicitFileType = wrapper.cfbundle; includeInIndex = 0; path = AutoLayoutTests.xctest; sourceTree = BUILT_PRODUCTS_DIR; };
		D5D9FE172543119F00B1AF14 /* AutoLayoutTests.swift */ = {isa = PBXFileReference; lastKnownFileType = sourcecode.swift; path = AutoLayoutTests.swift; sourceTree = "<group>"; };
		D5D9FE192543119F00B1AF14 /* Info.plist */ = {isa = PBXFileReference; lastKnownFileType = text.plist.xml; path = Info.plist; sourceTree = "<group>"; };
		D5D9FE1E2543119F00B1AF14 /* AutoLayoutUITests.xctest */ = {isa = PBXFileReference; explicitFileType = wrapper.cfbundle; includeInIndex = 0; path = AutoLayoutUITests.xctest; sourceTree = BUILT_PRODUCTS_DIR; };
		D5D9FE222543119F00B1AF14 /* AutoLayoutUITests.swift */ = {isa = PBXFileReference; lastKnownFileType = sourcecode.swift; path = AutoLayoutUITests.swift; sourceTree = "<group>"; };
		D5D9FE242543119F00B1AF14 /* Info.plist */ = {isa = PBXFileReference; lastKnownFileType = text.plist.xml; path = Info.plist; sourceTree = "<group>"; };
/* End PBXFileReference section */

/* Begin PBXFrameworksBuildPhase section */
		D5D9FDFA2543119B00B1AF14 /* Frameworks */ = {
			isa = PBXFrameworksBuildPhase;
			buildActionMask = 2147483647;
			files = (
			);
			runOnlyForDeploymentPostprocessing = 0;
		};
		D5D9FE102543119F00B1AF14 /* Frameworks */ = {
			isa = PBXFrameworksBuildPhase;
			buildActionMask = 2147483647;
			files = (
			);
			runOnlyForDeploymentPostprocessing = 0;
		};
		D5D9FE1B2543119F00B1AF14 /* Frameworks */ = {
			isa = PBXFrameworksBuildPhase;
			buildActionMask = 2147483647;
			files = (
			);
			runOnlyForDeploymentPostprocessing = 0;
		};
/* End PBXFrameworksBuildPhase section */

/* Begin PBXGroup section */
		D5D9FDF42543119B00B1AF14 = {
			isa = PBXGroup;
			children = (
				D5D9FDFF2543119B00B1AF14 /* AutoLayout */,
				D5D9FE162543119F00B1AF14 /* AutoLayoutTests */,
				D5D9FE212543119F00B1AF14 /* AutoLayoutUITests */,
				D5D9FDFE2543119B00B1AF14 /* Products */,
			);
			sourceTree = "<group>";
		};
		D5D9FDFE2543119B00B1AF14 /* Products */ = {
			isa = PBXGroup;
			children = (
				D5D9FDFD2543119B00B1AF14 /* AutoLayout.app */,
				D5D9FE132543119F00B1AF14 /* AutoLayoutTests.xctest */,
				D5D9FE1E2543119F00B1AF14 /* AutoLayoutUITests.xctest */,
			);
			name = Products;
			sourceTree = "<group>";
		};
		D5D9FDFF2543119B00B1AF14 /* AutoLayout */ = {
			isa = PBXGroup;
			children = (
				D5D9FE002543119B00B1AF14 /* AppDelegate.swift */,
				D5D9FE022543119C00B1AF14 /* SceneDelegate.swift */,
				D5D9FE042543119C00B1AF14 /* ViewController.swift */,
				D5D9FE062543119C00B1AF14 /* Main.storyboard */,
				D5D9FE092543119F00B1AF14 /* Assets.xcassets */,
				D5D9FE0B2543119F00B1AF14 /* LaunchScreen.storyboard */,
				D5D9FE0E2543119F00B1AF14 /* Info.plist */,
			);
			path = AutoLayout;
			sourceTree = "<group>";
		};
		D5D9FE162543119F00B1AF14 /* AutoLayoutTests */ = {
			isa = PBXGroup;
			children = (
				D5D9FE172543119F00B1AF14 /* AutoLayoutTests.swift */,
				D5D9FE192543119F00B1AF14 /* Info.plist */,
			);
			path = AutoLayoutTests;
			sourceTree = "<group>";
		};
		D5D9FE212543119F00B1AF14 /* AutoLayoutUITests */ = {
			isa = PBXGroup;
			children = (
				D5D9FE222543119F00B1AF14 /* AutoLayoutUITests.swift */,
				D5D9FE242543119F00B1AF14 /* Info.plist */,
			);
			path = AutoLayoutUITests;
			sourceTree = "<group>";
		};
/* End PBXGroup section */

/* Begin PBXNativeTarget section */
		D5D9FDFC2543119B00B1AF14 /* AutoLayout */ = {
			isa = PBXNativeTarget;
			buildConfigurationList = D5D9FE272543119F00B1AF14 /* Build configuration list for PBXNativeTarget "AutoLayout" */;
			buildPhases = (
				D5D9FDF92543119B00B1AF14 /* Sources */,
				D5D9FDFA2543119B00B1AF14 /* Frameworks */,
				D5D9FDFB2543119B00B1AF14 /* Resources */,
			);
			buildRules = (
			);
			dependencies = (
			);
			name = AutoLayout;
			productName = AutoLayout;
			productReference = D5D9FDFD2543119B00B1AF14 /* AutoLayout.app */;
			productType = "com.apple.product-type.application";
		};
		D5D9FE122543119F00B1AF14 /* AutoLayoutTests */ = {
			isa = PBXNativeTarget;
			buildConfigurationList = D5D9FE2A2543119F00B1AF14 /* Build configuration list for PBXNativeTarget "AutoLayoutTests" */;
			buildPhases = (
				D5D9FE0F2543119F00B1AF14 /* Sources */,
				D5D9FE102543119F00B1AF14 /* Frameworks */,
				D5D9FE112543119F00B1AF14 /* Resources */,
			);
			buildRules = (
			);
			dependencies = (
				D5D9FE152543119F00B1AF14 /* PBXTargetDependency */,
			);
			name = AutoLayoutTests;
			productName = AutoLayoutTests;
			productReference = D5D9FE132543119F00B1AF14 /* AutoLayoutTests.xctest */;
			productType = "com.apple.product-type.bundle.unit-test";
		};
		D5D9FE1D2543119F00B1AF14 /* AutoLayoutUITests */ = {
			isa = PBXNativeTarget;
			buildConfigurationList = D5D9FE2D2543119F00B1AF14 /* Build configuration list for PBXNativeTarget "AutoLayoutUITests" */;
			buildPhases = (
				D5D9FE1A2543119F00B1AF14 /* Sources */,
				D5D9FE1B2543119F00B1AF14 /* Frameworks */,
				D5D9FE1C2543119F00B1AF14 /* Resources */,
			);
			buildRules = (
			);
			dependencies = (
				D5D9FE202543119F00B1AF14 /* PBXTargetDependency */,
			);
			name = AutoLayoutUITests;
			productName = AutoLayoutUITests;
			productReference = D5D9FE1E2543119F00B1AF14 /* AutoLayoutUITests.xctest */;
			productType = "com.apple.product-type.bundle.ui-testing";
		};
/* End PBXNativeTarget section */

/* Begin PBXProject section */
		D5D9FDF52543119B00B1AF14 /* Project object */ = {
			isa = PBXProject;
			attributes = {
				LastSwiftUpdateCheck = 1210;
				LastUpgradeCheck = 1210;
				TargetAttributes = {
					D5D9FDFC2543119B00B1AF14 = {
						CreatedOnToolsVersion = 12.1;
					};
					D5D9FE122543119F00B1AF14 = {
						CreatedOnToolsVersion = 12.1;
						TestTargetID = D5D9FDFC2543119B00B1AF14;
					};
					D5D9FE1D2543119F00B1AF14 = {
						CreatedOnToolsVersion = 12.1;
						TestTargetID = D5D9FDFC2543119B00B1AF14;
					};
				};
			};
			buildConfigurationList = D5D9FDF82543119B00B1AF14 /* Build configuration list for PBXProject "AutoLayout" */;
			compatibilityVersion = "Xcode 9.3";
			developmentRegion = en;
			hasScannedForEncodings = 0;
			knownRegions = (
				en,
				Base,
			);
			mainGroup = D5D9FDF42543119B00B1AF14;
			productRefGroup = D5D9FDFE2543119B00B1AF14 /* Products */;
			projectDirPath = "";
			projectRoot = "";
			targets = (
				D5D9FDFC2543119B00B1AF14 /* AutoLayout */,
				D5D9FE122543119F00B1AF14 /* AutoLayoutTests */,
				D5D9FE1D2543119F00B1AF14 /* AutoLayoutUITests */,
			);
		};
/* End PBXProject section */

/* Begin PBXResourcesBuildPhase section */
		D5D9FDFB2543119B00B1AF14 /* Resources */ = {
			isa = PBXResourcesBuildPhase;
			buildActionMask = 2147483647;
			files = (
				D5D9FE0D2543119F00B1AF14 /* LaunchScreen.storyboard in Resources */,
				D5D9FE0A2543119F00B1AF14 /* Assets.xcassets in Resources */,
				D5D9FE082543119C00B1AF14 /* Main.storyboard in Resources */,
			);
			runOnlyForDeploymentPostprocessing = 0;
		};
		D5D9FE112543119F00B1AF14 /* Resources */ = {
			isa = PBXResourcesBuildPhase;
			buildActionMask = 2147483647;
			files = (
			);
			runOnlyForDeploymentPostprocessing = 0;
		};
		D5D9FE1C2543119F00B1AF14 /* Resources */ = {
			isa = PBXResourcesBuildPhase;
			buildActionMask = 2147483647;
			files = (
			);
			runOnlyForDeploymentPostprocessing = 0;
		};
/* End PBXResourcesBuildPhase section */

/* Begin PBXSourcesBuildPhase section */
		D5D9FDF92543119B00B1AF14 /* Sources */ = {
			isa = PBXSourcesBuildPhase;
			buildActionMask = 2147483647;
			files = (
				D5D9FE052543119C00B1AF14 /* ViewController.swift in Sources */,
				D5D9FE012543119B00B1AF14 /* AppDelegate.swift in Sources */,
				D5D9FE032543119C00B1AF14 /* SceneDelegate.swift in Sources */,
			);
			runOnlyForDeploymentPostprocessing = 0;
		};
		D5D9FE0F2543119F00B1AF14 /* Sources */ = {
			isa = PBXSourcesBuildPhase;
			buildActionMask = 2147483647;
			files = (
				D5D9FE182543119F00B1AF14 /* AutoLayoutTests.swift in Sources */,
			);
			runOnlyForDeploymentPostprocessing = 0;
		};
		D5D9FE1A2543119F00B1AF14 /* Sources */ = {
			isa = PBXSourcesBuildPhase;
			buildActionMask = 2147483647;
			files = (
				D5D9FE232543119F00B1AF14 /* AutoLayoutUITests.swift in Sources */,
			);
			runOnlyForDeploymentPostprocessing = 0;
		};
/* End PBXSourcesBuildPhase section */

/* Begin PBXTargetDependency section */
		D5D9FE152543119F00B1AF14 /* PBXTargetDependency */ = {
			isa = PBXTargetDependency;
			target = D5D9FDFC2543119B00B1AF14 /* AutoLayout */;
			targetProxy = D5D9FE142543119F00B1AF14 /* PBXContainerItemProxy */;
		};
		D5D9FE202543119F00B1AF14 /* PBXTargetDependency */ = {
			isa = PBXTargetDependency;
			target = D5D9FDFC2543119B00B1AF14 /* AutoLayout */;
			targetProxy = D5D9FE1F2543119F00B1AF14 /* PBXContainerItemProxy */;
		};
/* End PBXTargetDependency section */

/* Begin PBXVariantGroup section */
		D5D9FE062543119C00B1AF14 /* Main.storyboard */ = {
			isa = PBXVariantGroup;
			children = (
				D5D9FE072543119C00B1AF14 /* Base */,
			);
			name = Main.storyboard;
			sourceTree = "<group>";
		};
		D5D9FE0B2543119F00B1AF14 /* LaunchScreen.storyboard */ = {
			isa = PBXVariantGroup;
			children = (
				D5D9FE0C2543119F00B1AF14 /* Base */,
			);
			name = LaunchScreen.storyboard;
			sourceTree = "<group>";
		};
/* End PBXVariantGroup section */

/* Begin XCBuildConfiguration section */
		D5D9FE252543119F00B1AF14 /* Debug */ = {
			isa = XCBuildConfiguration;
			buildSettings = {
				ALWAYS_SEARCH_USER_PATHS = NO;
				CLANG_ANALYZER_NONNULL = YES;
				CLANG_ANALYZER_NUMBER_OBJECT_CONVERSION = YES_AGGRESSIVE;
				CLANG_CXX_LANGUAGE_STANDARD = "gnu++14";
				CLANG_CXX_LIBRARY = "libc++";
				CLANG_ENABLE_MODULES = YES;
				CLANG_ENABLE_OBJC_ARC = YES;
				CLANG_ENABLE_OBJC_WEAK = YES;
				CLANG_WARN_BLOCK_CAPTURE_AUTORELEASING = YES;
				CLANG_WARN_BOOL_CONVERSION = YES;
				CLANG_WARN_COMMA = YES;
				CLANG_WARN_CONSTANT_CONVERSION = YES;
				CLANG_WARN_DEPRECATED_OBJC_IMPLEMENTATIONS = YES;
				CLANG_WARN_DIRECT_OBJC_ISA_USAGE = YES_ERROR;
				CLANG_WARN_DOCUMENTATION_COMMENTS = YES;
				CLANG_WARN_EMPTY_BODY = YES;
				CLANG_WARN_ENUM_CONVERSION = YES;
				CLANG_WARN_INFINITE_RECURSION = YES;
				CLANG_WARN_INT_CONVERSION = YES;
				CLANG_WARN_NON_LITERAL_NULL_CONVERSION = YES;
				CLANG_WARN_OBJC_IMPLICIT_RETAIN_SELF = YES;
				CLANG_WARN_OBJC_LITERAL_CONVERSION = YES;
				CLANG_WARN_OBJC_ROOT_CLASS = YES_ERROR;
				CLANG_WARN_QUOTED_INCLUDE_IN_FRAMEWORK_HEADER = YES;
				CLANG_WARN_RANGE_LOOP_ANALYSIS = YES;
				CLANG_WARN_STRICT_PROTOTYPES = YES;
				CLANG_WARN_SUSPICIOUS_MOVE = YES;
				CLANG_WARN_UNGUARDED_AVAILABILITY = YES_AGGRESSIVE;
				CLANG_WARN_UNREACHABLE_CODE = YES;
				CLANG_WARN__DUPLICATE_METHOD_MATCH = YES;
				COPY_PHASE_STRIP = NO;
				DEBUG_INFORMATION_FORMAT = dwarf;
				ENABLE_STRICT_OBJC_MSGSEND = YES;
				ENABLE_TESTABILITY = YES;
				GCC_C_LANGUAGE_STANDARD = gnu11;
				GCC_DYNAMIC_NO_PIC = NO;
				GCC_NO_COMMON_BLOCKS = YES;
				GCC_OPTIMIZATION_LEVEL = 0;
				GCC_PREPROCESSOR_DEFINITIONS = (
					"DEBUG=1",
					"$(inherited)",
				);
				GCC_WARN_64_TO_32_BIT_CONVERSION = YES;
				GCC_WARN_ABOUT_RETURN_TYPE = YES_ERROR;
				GCC_WARN_UNDECLARED_SELECTOR = YES;
				GCC_WARN_UNINITIALIZED_AUTOS = YES_AGGRESSIVE;
				GCC_WARN_UNUSED_FUNCTION = YES;
				GCC_WARN_UNUSED_VARIABLE = YES;
				IPHONEOS_DEPLOYMENT_TARGET = 14.1;
				MTL_ENABLE_DEBUG_INFO = INCLUDE_SOURCE;
				MTL_FAST_MATH = YES;
				ONLY_ACTIVE_ARCH = YES;
				SDKROOT = iphoneos;
				SWIFT_ACTIVE_COMPILATION_CONDITIONS = DEBUG;
				SWIFT_OPTIMIZATION_LEVEL = "-Onone";
			};
			name = Debug;
		};
		D5D9FE262543119F00B1AF14 /* Release */ = {
			isa = XCBuildConfiguration;
			buildSettings = {
				ALWAYS_SEARCH_USER_PATHS = NO;
				CLANG_ANALYZER_NONNULL = YES;
				CLANG_ANALYZER_NUMBER_OBJECT_CONVERSION = YES_AGGRESSIVE;
				CLANG_CXX_LANGUAGE_STANDARD = "gnu++14";
				CLANG_CXX_LIBRARY = "libc++";
				CLANG_ENABLE_MODULES = YES;
				CLANG_ENABLE_OBJC_ARC = YES;
				CLANG_ENABLE_OBJC_WEAK = YES;
				CLANG_WARN_BLOCK_CAPTURE_AUTORELEASING = YES;
				CLANG_WARN_BOOL_CONVERSION = YES;
				CLANG_WARN_COMMA = YES;
				CLANG_WARN_CONSTANT_CONVERSION = YES;
				CLANG_WARN_DEPRECATED_OBJC_IMPLEMENTATIONS = YES;
				CLANG_WARN_DIRECT_OBJC_ISA_USAGE = YES_ERROR;
				CLANG_WARN_DOCUMENTATION_COMMENTS = YES;
				CLANG_WARN_EMPTY_BODY = YES;
				CLANG_WARN_ENUM_CONVERSION = YES;
				CLANG_WARN_INFINITE_RECURSION = YES;
				CLANG_WARN_INT_CONVERSION = YES;
				CLANG_WARN_NON_LITERAL_NULL_CONVERSION = YES;
				CLANG_WARN_OBJC_IMPLICIT_RETAIN_SELF = YES;
				CLANG_WARN_OBJC_LITERAL_CONVERSION = YES;
				CLANG_WARN_OBJC_ROOT_CLASS = YES_ERROR;
				CLANG_WARN_QUOTED_INCLUDE_IN_FRAMEWORK_HEADER = YES;
				CLANG_WARN_RANGE_LOOP_ANALYSIS = YES;
				CLANG_WARN_STRICT_PROTOTYPES = YES;
				CLANG_WARN_SUSPICIOUS_MOVE = YES;
				CLANG_WARN_UNGUARDED_AVAILABILITY = YES_AGGRESSIVE;
				CLANG_WARN_UNREACHABLE_CODE = YES;
				CLANG_WARN__DUPLICATE_METHOD_MATCH = YES;
				COPY_PHASE_STRIP = NO;
				DEBUG_INFORMATION_FORMAT = "dwarf-with-dsym";
				ENABLE_NS_ASSERTIONS = NO;
				ENABLE_STRICT_OBJC_MSGSEND = YES;
				GCC_C_LANGUAGE_STANDARD = gnu11;
				GCC_NO_COMMON_BLOCKS = YES;
				GCC_WARN_64_TO_32_BIT_CONVERSION = YES;
				GCC_WARN_ABOUT_RETURN_TYPE = YES_ERROR;
				GCC_WARN_UNDECLARED_SELECTOR = YES;
				GCC_WARN_UNINITIALIZED_AUTOS = YES_AGGRESSIVE;
				GCC_WARN_UNUSED_FUNCTION = YES;
				GCC_WARN_UNUSED_VARIABLE = YES;
				IPHONEOS_DEPLOYMENT_TARGET = 14.1;
				MTL_ENABLE_DEBUG_INFO = NO;
				MTL_FAST_MATH = YES;
				SDKROOT = iphoneos;
				SWIFT_COMPILATION_MODE = wholemodule;
				SWIFT_OPTIMIZATION_LEVEL = "-O";
				VALIDATE_PRODUCT = YES;
			};
			name = Release;
		};
		D5D9FE282543119F00B1AF14 /* Debug */ = {
			isa = XCBuildConfiguration;
			buildSettings = {
				ASSETCATALOG_COMPILER_APPICON_NAME = AppIcon;
				ASSETCATALOG_COMPILER_GLOBAL_ACCENT_COLOR_NAME = AccentColor;
				CODE_SIGN_STYLE = Automatic;
				DEVELOPMENT_TEAM = HJYXE96WD2;
				INFOPLIST_FILE = AutoLayout/Info.plist;
				LD_RUNPATH_SEARCH_PATHS = (
					"$(inherited)",
					"@executable_path/Frameworks",
				);
				PRODUCT_BUNDLE_IDENTIFIER = com.github.mpassos.AutoLayout;
				PRODUCT_NAME = "$(TARGET_NAME)";
				SWIFT_VERSION = 5.0;
				TARGETED_DEVICE_FAMILY = "1,2";
			};
			name = Debug;
		};
		D5D9FE292543119F00B1AF14 /* Release */ = {
			isa = XCBuildConfiguration;
			buildSettings = {
				ASSETCATALOG_COMPILER_APPICON_NAME = AppIcon;
				ASSETCATALOG_COMPILER_GLOBAL_ACCENT_COLOR_NAME = AccentColor;
				CODE_SIGN_STYLE = Automatic;
				DEVELOPMENT_TEAM = HJYXE96WD2;
				INFOPLIST_FILE = AutoLayout/Info.plist;
				LD_RUNPATH_SEARCH_PATHS = (
					"$(inherited)",
					"@executable_path/Frameworks",
				);
				PRODUCT_BUNDLE_IDENTIFIER = com.github.mpassos.AutoLayout;
				PRODUCT_NAME = "$(TARGET_NAME)";
				SWIFT_VERSION = 5.0;
				TARGETED_DEVICE_FAMILY = "1,2";
			};
			name = Release;
		};
		D5D9FE2B2543119F00B1AF14 /* Debug */ = {
			isa = XCBuildConfiguration;
			buildSettings = {
				ALWAYS_EMBED_SWIFT_STANDARD_LIBRARIES = YES;
				BUNDLE_LOADER = "$(TEST_HOST)";
				CODE_SIGN_STYLE = Automatic;
				DEVELOPMENT_TEAM = HJYXE96WD2;
				INFOPLIST_FILE = AutoLayoutTests/Info.plist;
				IPHONEOS_DEPLOYMENT_TARGET = 14.1;
				LD_RUNPATH_SEARCH_PATHS = (
					"$(inherited)",
					"@executable_path/Frameworks",
					"@loader_path/Frameworks",
				);
				PRODUCT_BUNDLE_IDENTIFIER = com.github.mpassos.AutoLayoutTests;
				PRODUCT_NAME = "$(TARGET_NAME)";
				SWIFT_VERSION = 5.0;
				TARGETED_DEVICE_FAMILY = "1,2";
				TEST_HOST = "$(BUILT_PRODUCTS_DIR)/AutoLayout.app/AutoLayout";
			};
			name = Debug;
		};
		D5D9FE2C2543119F00B1AF14 /* Release */ = {
			isa = XCBuildConfiguration;
			buildSettings = {
				ALWAYS_EMBED_SWIFT_STANDARD_LIBRARIES = YES;
				BUNDLE_LOADER = "$(TEST_HOST)";
				CODE_SIGN_STYLE = Automatic;
				DEVELOPMENT_TEAM = HJYXE96WD2;
				INFOPLIST_FILE = AutoLayoutTests/Info.plist;
				IPHONEOS_DEPLOYMENT_TARGET = 14.1;
				LD_RUNPATH_SEARCH_PATHS = (
					"$(inherited)",
					"@executable_path/Frameworks",
					"@loader_path/Frameworks",
				);
				PRODUCT_BUNDLE_IDENTIFIER = com.github.mpassos.AutoLayoutTests;
				PRODUCT_NAME = "$(TARGET_NAME)";
				SWIFT_VERSION = 5.0;
				TARGETED_DEVICE_FAMILY = "1,2";
				TEST_HOST = "$(BUILT_PRODUCTS_DIR)/AutoLayout.app/AutoLayout";
			};
			name = Release;
		};
		D5D9FE2E2543119F00B1AF14 /* Debug */ = {
			isa = XCBuildConfiguration;
			buildSettings = {
				ALWAYS_EMBED_SWIFT_STANDARD_LIBRARIES = YES;
				CODE_SIGN_STYLE = Automatic;
				DEVELOPMENT_TEAM = HJYXE96WD2;
				INFOPLIST_FILE = AutoLayoutUITests/Info.plist;
				LD_RUNPATH_SEARCH_PATHS = (
					"$(inherited)",
					"@executable_path/Frameworks",
					"@loader_path/Frameworks",
				);
				PRODUCT_BUNDLE_IDENTIFIER = com.github.mpassos.AutoLayoutUITests;
				PRODUCT_NAME = "$(TARGET_NAME)";
				SWIFT_VERSION = 5.0;
				TARGETED_DEVICE_FAMILY = "1,2";
				TEST_TARGET_NAME = AutoLayout;
			};
			name = Debug;
		};
		D5D9FE2F2543119F00B1AF14 /* Release */ = {
			isa = XCBuildConfiguration;
			buildSettings = {
				ALWAYS_EMBED_SWIFT_STANDARD_LIBRARIES = YES;
				CODE_SIGN_STYLE = Automatic;
				DEVELOPMENT_TEAM = HJYXE96WD2;
				INFOPLIST_FILE = AutoLayoutUITests/Info.plist;
				LD_RUNPATH_SEARCH_PATHS = (
					"$(inherited)",
					"@executable_path/Frameworks",
					"@loader_path/Frameworks",
				);
				PRODUCT_BUNDLE_IDENTIFIER = com.github.mpassos.AutoLayoutUITests;
				PRODUCT_NAME = "$(TARGET_NAME)";
				SWIFT_VERSION = 5.0;
				TARGETED_DEVICE_FAMILY = "1,2";
				TEST_TARGET_NAME = AutoLayout;
			};
			name = Release;
		};
/* End XCBuildConfiguration section */

/* Begin XCConfigurationList section */
		D5D9FDF82543119B00B1AF14 /* Build configuration list for PBXProject "AutoLayout" */ = {
			isa = XCConfigurationList;
			buildConfigurations = (
				D5D9FE252543119F00B1AF14 /* Debug */,
				D5D9FE262543119F00B1AF14 /* Release */,
			);
			defaultConfigurationIsVisible = 0;
			defaultConfigurationName = Release;
		};
		D5D9FE272543119F00B1AF14 /* Build configuration list for PBXNativeTarget "AutoLayout" */ = {
			isa = XCConfigurationList;
			buildConfigurations = (
				D5D9FE282543119F00B1AF14 /* Debug */,
				D5D9FE292543119F00B1AF14 /* Release */,
			);
			defaultConfigurationIsVisible = 0;
			defaultConfigurationName = Release;
		};
		D5D9FE2A2543119F00B1AF14 /* Build configuration list for PBXNativeTarget "AutoLayoutTests" */ = {
			isa = XCConfigurationList;
			buildConfigurations = (
				D5D9FE2B2543119F00B1AF14 /* Debug */,
				D5D9FE2C2543119F00B1AF14 /* Release */,
			);
			defaultConfigurationIsVisible = 0;
			defaultConfigurationName = Release;
		};
		D5D9FE2D2543119F00B1AF14 /* Build configuration list for PBXNativeTarget "AutoLayoutUITests" */ = {
			isa = XCConfigurationList;
			buildConfigurations = (
				D5D9FE2E2543119F00B1AF14 /* Debug */,
				D5D9FE2F2543119F00B1AF14 /* Release */,
			);
			defaultConfigurationIsVisible = 0;
			defaultConfigurationName = Release;
		};
/* End XCConfigurationList section */
	};
	rootObject = D5D9FDF52543119B00B1AF14 /* Project object */;
}
